
Microsoft Visual Studio Solution File, Format Version 12.00
# Visual Studio 2012
Project("{FAE04EC0-301F-11D3-BF4B-00C04F79EFBC}") = "XamarinStudioMVVMJumper", "XamarinStudioMVVMJumper\XamarinStudioMVVMJumper.csproj", "{AA5F90EC-D40F-4849-900C-B362C35D9A65}"
EndProject
Global
	GlobalSection(SolutionConfigurationPlatforms) = preSolution
		Debug|Any CPU = Debug|Any CPU
		Release|Any CPU = Release|Any CPU
	EndGlobalSection
	GlobalSection(ProjectConfigurationPlatforms) = postSolution
		{AA5F90EC-D40F-4849-900C-B362C35D9A65}.Debug|Any CPU.ActiveCfg = Debug|Any CPU
		{AA5F90EC-D40F-4849-900C-B362C35D9A65}.Debug|Any CPU.Build.0 = Debug|Any CPU
		{AA5F90EC-D40F-4849-900C-B362C35D9A65}.Release|Any CPU.ActiveCfg = Release|Any CPU
		{AA5F90EC-D40F-4849-900C-B362C35D9A65}.Release|Any CPU.Build.0 = Release|Any CPU
	EndGlobalSection
EndGlobal
